
Microsoft Visual Studio Solution File, Format Version 12.00
# Visual Studio Version 17
VisualStudioVersion = 17.10.35027.167
MinimumVisualStudioVersion = 10.0.40219.1
Project("{FAE04EC0-301F-11D3-BF4B-00C04F79EFBC}") = "whatisthis", "whatisthis.csproj", "{4BF5C7E9-9817-4830-ADD5-13C06A414663}"
EndProject
Global
	GlobalSection(SolutionConfigurationPlatforms) = preSolution
		Debug|Any CPU = Debug|Any CPU
		Release|Any CPU = Release|Any CPU
	EndGlobalSection
	GlobalSection(ProjectConfigurationPlatforms) = postSolution
		{4BF5C7E9-9817-4830-ADD5-13C06A414663}.Debug|Any CPU.ActiveCfg = Debug|Any CPU
		{4BF5C7E9-9817-4830-ADD5-13C06A414663}.Debug|Any CPU.Build.0 = Debug|Any CPU
		{4BF5C7E9-9817-4830-ADD5-13C06A414663}.Release|Any CPU.ActiveCfg = Release|Any CPU
		{4BF5C7E9-9817-4830-ADD5-13C06A414663}.Release|Any CPU.Build.0 = Release|Any CPU
	EndGlobalSection
	GlobalSection(SolutionProperties) = preSolution
		HideSolutionNode = FALSE
	EndGlobalSection
	GlobalSection(ExtensibilityGlobals) = postSolution
		SolutionGuid = {6180151B-B57A-4D6F-BC9A-39D0475951C1}
	EndGlobalSection
EndGlobal
