
Microsoft Visual Studio Solution File, Format Version 12.00
# Visual Studio Version 17
VisualStudioVersion = 17.10.35027.167
MinimumVisualStudioVersion = 10.0.40219.1
Project("{FAE04EC0-301F-11D3-BF4B-00C04F79EFBC}") = "MarcoPolo", "MarcoPolo.csproj", "{24515E8F-7BF7-4C75-BF93-CE97638AD13A}"
EndProject
Global
	GlobalSection(SolutionConfigurationPlatforms) = preSolution
		Debug|Any CPU = Debug|Any CPU
		Release|Any CPU = Release|Any CPU
	EndGlobalSection
	GlobalSection(ProjectConfigurationPlatforms) = postSolution
		{24515E8F-7BF7-4C75-BF93-CE97638AD13A}.Debug|Any CPU.ActiveCfg = Debug|Any CPU
		{24515E8F-7BF7-4C75-BF93-CE97638AD13A}.Debug|Any CPU.Build.0 = Debug|Any CPU
		{24515E8F-7BF7-4C75-BF93-CE97638AD13A}.Release|Any CPU.ActiveCfg = Release|Any CPU
		{24515E8F-7BF7-4C75-BF93-CE97638AD13A}.Release|Any CPU.Build.0 = Release|Any CPU
	EndGlobalSection
	GlobalSection(SolutionProperties) = preSolution
		HideSolutionNode = FALSE
	EndGlobalSection
	GlobalSection(ExtensibilityGlobals) = postSolution
		SolutionGuid = {FD1E1329-3881-4CE6-9A36-177B63F56C7E}
	EndGlobalSection
EndGlobal
